# THIS IS AN AUTOGENERATED FILE. DO NOT EDIT THIS FILE DIRECTLY.
# yarn lockfile v1


"@types/aws-lambda@^8.10.46":
  version "8.10.46"
  resolved "https://registry.yarnpkg.com/@types/aws-lambda/-/aws-lambda-8.10.46.tgz#3246348cdc15921bd065966109fc1c6f6d5cfd96"
  integrity sha512-88E4Hlypo3AE40wslm7N4n09lCIJwgYJm5wsaA3/Vib1xqjC/ANePTaPRpPdj9NzBSpw7Tgon58qGMYEArx4oA==

querystring@^0.2.0:
  version "0.2.0"
  resolved "https://registry.yarnpkg.com/querystring/-/querystring-0.2.0.tgz#b209849203bb25df820da756e747005878521620"
  integrity sha1-sgmEkgO7Jd+CDadW50cAWHhSFiA=
